<?xml version="1.0" encoding="utf-8"?>
<Project ToolsVersion="4.0" xmlns="http://schemas.microsoft.com/developer/msbuild/2003">
  <ItemGroup>
    <Filter Include="Source Files">
      <UniqueIdentifier>{4FC737F1-C7A5-4376-A066-2A32D752A2FF}</UniqueIdentifier>
      <Extensions>cpp;c;cc;cxx;c++;cppm;ixx;def;odl;idl;hpj;bat;asm;asmx</Extensions>
    </Filter>
    <Filter Include="Resource Files">
      <UniqueIdentifier>{67DA6AB6-F800-4c08-8B7A-83BB121AAD01}</UniqueIdentifier>
      <Extensions>rc;ico;cur;bmp;dlg;rc2;rct;bin;rgs;gif;jpg;jpeg;jpe;resx;tiff;tif;png;wav;mfcribbon-ms</Extensions>
    </Filter>
    <Filter Include="DS Files">
      <UniqueIdentifier>{07a3f1e1-0c7f-46c2-9095-7ca60ad3a922}</UniqueIdentifier>
    </Filter>
    <Filter Include="Header Files">
      <UniqueIdentifier>{93995380-89BD-4b04-88EB-625FBE52EBFB}</UniqueIdentifier>
      <Extensions>h;hh;hpp;hxx;h++;hm;inl;inc;ipp;xsd</Extensions>
    </Filter>
    <Filter Include="DS Files\Stack">
      <UniqueIdentifier>{367ef9dc-dc58-4672-b634-2f02f54a4592}</UniqueIdentifier>
    </Filter>
    <Filter Include="DS Files\Queue">
      <UniqueIdentifier>{0f1c3b91-074b-4334-9225-f2080a8a0df8}</UniqueIdentifier>
    </Filter>
    <Filter Include="DS Files\Priortiy Queue">
      <UniqueIdentifier>{68236fff-d070-414e-b88a-76b315e98796}</UniqueIdentifier>
    </Filter>
    <Filter Include="Unit Classes">
      <UniqueIdentifier>{3d96804d-bcac-4750-8a41-8613fa355d14}</UniqueIdentifier>
    </Filter>
    <Filter Include="Lists Classes">
      <UniqueIdentifier>{b48d93be-5561-46f7-9f8f-8f6f0743e8f6}</UniqueIdentifier>
    </Filter>
  </ItemGroup>
  <ItemGroup>
    <ClInclude Include="..\DS Files\Stack\StackADT.h">
      <Filter>DS Files\Stack</Filter>
    </ClInclude>
    <ClInclude Include="..\DS Files\Stack\ArrayStack.h">
      <Filter>DS Files\Stack</Filter>
    </ClInclude>
    <ClInclude Include="..\DS Files\Queue\QueueADT.h">
      <Filter>DS Files\Queue</Filter>
    </ClInclude>
    <ClInclude Include="..\DS Files\Queue\LinkedQueue.h">
      <Filter>DS Files\Queue</Filter>
    </ClInclude>
    <ClInclude Include="..\DS Files\Queue\DequeNode.h">
      <Filter>DS Files\Queue</Filter>
    </ClInclude>
    <ClInclude Include="..\DS Files\Queue\Deque.h">
      <Filter>DS Files\Queue</Filter>
    </ClInclude>
    <ClInclude Include="..\DS Files\Queue\Node.h">
      <Filter>DS Files\Queue</Filter>
    </ClInclude>
    <ClInclude Include="..\DS Files\Priority Queue\priQueue.h">
      <Filter>DS Files\Priortiy Queue</Filter>
    </ClInclude>
    <ClInclude Include="..\DS Files\Priority Queue\priNode.h">
      <Filter>DS Files\Priortiy Queue</Filter>
    </ClInclude>
    <ClInclude Include="..\Army\AlienArmy.h">
      <Filter>Header Files</Filter>
    </ClInclude>
    <ClInclude Include="..\Army\EarthArmy.h">
      <Filter>Header Files</Filter>
    </ClInclude>
    <ClInclude Include="resource.h">
      <Filter>Header Files</Filter>
    </ClInclude>
    <ClInclude Include="..\Units\AlienSolider.h">
      <Filter>Unit Classes</Filter>
    </ClInclude>
    <ClInclude Include="..\Units\EarthSolider.h">
      <Filter>Unit Classes</Filter>
    </ClInclude>
    <ClInclude Include="..\Units\EarthTank.h">
      <Filter>Unit Classes</Filter>
    </ClInclude>
    <ClInclude Include="..\Units\Monster.h">
      <Filter>Unit Classes</Filter>
    </ClInclude>
    <ClInclude Include="..\Units\Unit.h">
      <Filter>Unit Classes</Filter>
    </ClInclude>
    <ClInclude Include="..\Units\AlienDrone.h">
      <Filter>Header Files</Filter>
    </ClInclude>
    <ClInclude Include="Game.h">
      <Filter>Header Files</Filter>
    </ClInclude>
    <ClInclude Include="Parameters.h">
      <Filter>Header Files</Filter>
    </ClInclude>
    <ClInclude Include="RandGen.h">
      <Filter>Header Files</Filter>
    </ClInclude>
    <ClInclude Include="..\Units\EarthGunnery.h">
      <Filter>Unit Classes</Filter>
    </ClInclude>
  </ItemGroup>
  <ItemGroup>
    <ClCompile Include="..\main.cpp">
      <Filter>Source Files</Filter>
    </ClCompile>
    <ClCompile Include="..\Army\AlienArmy.cpp">
      <Filter>Source Files</Filter>
    </ClCompile>
    <ClCompile Include="..\Army\EarthArmy.cpp">
      <Filter>Source Files</Filter>
    </ClCompile>
    <ClCompile Include="..\Units\AlienSolider.cpp">
      <Filter>Unit Classes</Filter>
    </ClCompile>
    <ClCompile Include="..\Units\EarthSolider.cpp">
      <Filter>Unit Classes</Filter>
    </ClCompile>
    <ClCompile Include="..\Units\EarthTank.cpp">
      <Filter>Unit Classes</Filter>
    </ClCompile>
    <ClCompile Include="..\Units\Monster.cpp">
      <Filter>Unit Classes</Filter>
    </ClCompile>
    <ClCompile Include="..\Units\Unit.cpp">
      <Filter>Unit Classes</Filter>
    </ClCompile>
  </ItemGroup>
  <ItemGroup>
    <ResourceCompile Include="Alien-Invasion.rc">
      <Filter>Resource Files</Filter>
    </ResourceCompile>
  </ItemGroup>
</Project>